
Microsoft Visual Studio Solution File, Format Version 12.00
# Visual Studio Version 16
VisualStudioVersion = 16.0.32510.428
MinimumVisualStudioVersion = 10.0.40219.1
Project("{FAE04EC0-301F-11D3-BF4B-00C04F79EFBC}") = "EPrescribingSystem", "EPrescribingSystem\EPrescribingSystem.csproj", "{41AACB38-A080-48AD-9084-CF8C5D9E4C22}"
EndProject
Global
	GlobalSection(SolutionConfigurationPlatforms) = preSolution
		Debug|Any CPU = Debug|Any CPU
		Release|Any CPU = Release|Any CPU
	EndGlobalSection
	GlobalSection(ProjectConfigurationPlatforms) = postSolution
		{41AACB38-A080-48AD-9084-CF8C5D9E4C22}.Debug|Any CPU.ActiveCfg = Debug|Any CPU
		{41AACB38-A080-48AD-9084-CF8C5D9E4C22}.Debug|Any CPU.Build.0 = Debug|Any CPU
		{41AACB38-A080-48AD-9084-CF8C5D9E4C22}.Release|Any CPU.ActiveCfg = Release|Any CPU
		{41AACB38-A080-48AD-9084-CF8C5D9E4C22}.Release|Any CPU.Build.0 = Release|Any CPU
	EndGlobalSection
	GlobalSection(SolutionProperties) = preSolution
		HideSolutionNode = FALSE
	EndGlobalSection
	GlobalSection(ExtensibilityGlobals) = postSolution
		SolutionGuid = {DB53B9A3-93F0-49C4-AB4A-51982E8EF0C7}
	EndGlobalSection
EndGlobal
